// !$*UTF8*$!
{
	archiveVersion = 1;
	classes = {
	};
	objectVersion = 56;
	objects = {

/* Begin PBXBuildFile section */
		26D65632239E7DB912A830D2 /* Pods_DailyDrops.framework in Frameworks */ = {isa = PBXBuildFile; fileRef = 8E96AB1C0CD9779E05D99E0C /* Pods_DailyDrops.framework */; };
		790E8FB92B99838C004DC160 /* AppDelegate.swift in Sources */ = {isa = PBXBuildFile; fileRef = 790E8FB82B99838C004DC160 /* AppDelegate.swift */; };
		790E8FBB2B99838C004DC160 /* SceneDelegate.swift in Sources */ = {isa = PBXBuildFile; fileRef = 790E8FBA2B99838C004DC160 /* SceneDelegate.swift */; };
		790E8FBD2B99838C004DC160 /* ViewController.swift in Sources */ = {isa = PBXBuildFile; fileRef = 790E8FBC2B99838C004DC160 /* ViewController.swift */; };
		790E8FC22B99838E004DC160 /* Assets.xcassets in Resources */ = {isa = PBXBuildFile; fileRef = 790E8FC12B99838E004DC160 /* Assets.xcassets */; };
		790E8FC52B99838E004DC160 /* LaunchScreen.storyboard in Resources */ = {isa = PBXBuildFile; fileRef = 790E8FC32B99838E004DC160 /* LaunchScreen.storyboard */; };
		790E8FCD2B998602004DC160 /* .gitignore in Resources */ = {isa = PBXBuildFile; fileRef = 790E8FCC2B998602004DC160 /* .gitignore */; };
		790E8FF12B99A560004DC160 /* Realm in Frameworks */ = {isa = PBXBuildFile; productRef = 790E8FF02B99A560004DC160 /* Realm */; };
		790E8FF32B99A560004DC160 /* RealmSwift in Frameworks */ = {isa = PBXBuildFile; productRef = 790E8FF22B99A560004DC160 /* RealmSwift */; };
		790E8FF62B99A56C004DC160 /* FSCalendar in Frameworks */ = {isa = PBXBuildFile; productRef = 790E8FF52B99A56C004DC160 /* FSCalendar */; };
		790E8FF92B99A577004DC160 /* Alamofire in Frameworks */ = {isa = PBXBuildFile; productRef = 790E8FF82B99A577004DC160 /* Alamofire */; };
		790E8FFC2B99A580004DC160 /* Toast in Frameworks */ = {isa = PBXBuildFile; productRef = 790E8FFB2B99A580004DC160 /* Toast */; };
		790E8FFF2B99A589004DC160 /* Kingfisher in Frameworks */ = {isa = PBXBuildFile; productRef = 790E8FFE2B99A589004DC160 /* Kingfisher */; };
		790E90022B99A593004DC160 /* DGCharts in Frameworks */ = {isa = PBXBuildFile; productRef = 790E90012B99A593004DC160 /* DGCharts */; };
		790E90052B99A5A0004DC160 /* SnapKit in Frameworks */ = {isa = PBXBuildFile; productRef = 790E90042B99A5A0004DC160 /* SnapKit */; };
		790E90072B99A5C0004DC160 /* GoogleService-Info.plist in Resources */ = {isa = PBXBuildFile; fileRef = 790E90062B99A5C0004DC160 /* GoogleService-Info.plist */; };
		790E900A2B99A62A004DC160 /* FirebaseAnalyticsWithoutAdIdSupport in Frameworks */ = {isa = PBXBuildFile; productRef = 790E90092B99A62A004DC160 /* FirebaseAnalyticsWithoutAdIdSupport */; };
		790E900C2B99A62A004DC160 /* FirebaseCrashlytics in Frameworks */ = {isa = PBXBuildFile; productRef = 790E900B2B99A62A004DC160 /* FirebaseCrashlytics */; };
		790E900E2B99A62A004DC160 /* FirebaseMessaging in Frameworks */ = {isa = PBXBuildFile; productRef = 790E900D2B99A62A004DC160 /* FirebaseMessaging */; };
		795B21622B99AB7700DA7D7F /* UIColor+Extension.swift in Sources */ = {isa = PBXBuildFile; fileRef = 795B21612B99AB7700DA7D7F /* UIColor+Extension.swift */; };
		795B21662B99AF1900DA7D7F /* Pretendard-Regular.otf in Resources */ = {isa = PBXBuildFile; fileRef = 795B21642B99AF1800DA7D7F /* Pretendard-Regular.otf */; };
		795B21672B99AF1900DA7D7F /* Pretendard-Bold.otf in Resources */ = {isa = PBXBuildFile; fileRef = 795B21652B99AF1900DA7D7F /* Pretendard-Bold.otf */; };
		795B21692B99B19300DA7D7F /* UIFont+Extension.swift in Sources */ = {isa = PBXBuildFile; fileRef = 795B21682B99B19300DA7D7F /* UIFont+Extension.swift */; };
		795B216E2B99BCA400DA7D7F /* HealthManager.swift in Sources */ = {isa = PBXBuildFile; fileRef = 795B216D2B99BCA400DA7D7F /* HealthManager.swift */; };
		795B21712B99C8A000DA7D7F /* BaseViewController.swift in Sources */ = {isa = PBXBuildFile; fileRef = 795B21702B99C8A000DA7D7F /* BaseViewController.swift */; };
		795B21732B99C8F300DA7D7F /* BaseTableViewCell.swift in Sources */ = {isa = PBXBuildFile; fileRef = 795B21722B99C8F300DA7D7F /* BaseTableViewCell.swift */; };
		795B21752B99C95800DA7D7F /* BaseCollectionViewCell.swift in Sources */ = {isa = PBXBuildFile; fileRef = 795B21742B99C95800DA7D7F /* BaseCollectionViewCell.swift */; };
		795B21772B99C97100DA7D7F /* BaseView.swift in Sources */ = {isa = PBXBuildFile; fileRef = 795B21762B99C97100DA7D7F /* BaseView.swift */; };
		795B217A2B99D05C00DA7D7F /* APIKey.swift in Sources */ = {isa = PBXBuildFile; fileRef = 795B21792B99D05C00DA7D7F /* APIKey.swift */; };
		795B217C2B99D1A600DA7D7F /* SupplementAPI.swift in Sources */ = {isa = PBXBuildFile; fileRef = 795B217B2B99D1A600DA7D7F /* SupplementAPI.swift */; };
		795B21802B9ADF2F00DA7D7F /* SupplementDTO.swift in Sources */ = {isa = PBXBuildFile; fileRef = 795B217F2B9ADF2F00DA7D7F /* SupplementDTO.swift */; };
		795B21822B9AEA7700DA7D7F /* Supplement.swift in Sources */ = {isa = PBXBuildFile; fileRef = 795B21812B9AEA7700DA7D7F /* Supplement.swift */; };
/* End PBXBuildFile section */

/* Begin PBXFileReference section */
		14EE9E7815A24FF1031D0B57 /* Pods-DailyDrops.debug.xcconfig */ = {isa = PBXFileReference; includeInIndex = 1; lastKnownFileType = text.xcconfig; name = "Pods-DailyDrops.debug.xcconfig"; path = "Target Support Files/Pods-DailyDrops/Pods-DailyDrops.debug.xcconfig"; sourceTree = "<group>"; };
		790E8FB52B99838C004DC160 /* DailyDrops.app */ = {isa = PBXFileReference; explicitFileType = wrapper.application; includeInIndex = 0; path = DailyDrops.app; sourceTree = BUILT_PRODUCTS_DIR; };
		790E8FB82B99838C004DC160 /* AppDelegate.swift */ = {isa = PBXFileReference; lastKnownFileType = sourcecode.swift; path = AppDelegate.swift; sourceTree = "<group>"; };
		790E8FBA2B99838C004DC160 /* SceneDelegate.swift */ = {isa = PBXFileReference; lastKnownFileType = sourcecode.swift; path = SceneDelegate.swift; sourceTree = "<group>"; };
		790E8FBC2B99838C004DC160 /* ViewController.swift */ = {isa = PBXFileReference; lastKnownFileType = sourcecode.swift; path = ViewController.swift; sourceTree = "<group>"; };
		790E8FC12B99838E004DC160 /* Assets.xcassets */ = {isa = PBXFileReference; lastKnownFileType = folder.assetcatalog; path = Assets.xcassets; sourceTree = "<group>"; };
		790E8FC42B99838E004DC160 /* Base */ = {isa = PBXFileReference; lastKnownFileType = file.storyboard; name = Base; path = Base.lproj/LaunchScreen.storyboard; sourceTree = "<group>"; };
		790E8FC62B99838E004DC160 /* Info.plist */ = {isa = PBXFileReference; lastKnownFileType = text.plist.xml; path = Info.plist; sourceTree = "<group>"; };
		790E8FCC2B998602004DC160 /* .gitignore */ = {isa = PBXFileReference; lastKnownFileType = text; path = .gitignore; sourceTree = "<group>"; };
		790E90062B99A5C0004DC160 /* GoogleService-Info.plist */ = {isa = PBXFileReference; fileEncoding = 4; lastKnownFileType = text.plist.xml; name = "GoogleService-Info.plist"; path = "../../../../../Downloads/GoogleService-Info.plist"; sourceTree = "<group>"; };
		795B21612B99AB7700DA7D7F /* UIColor+Extension.swift */ = {isa = PBXFileReference; lastKnownFileType = sourcecode.swift; path = "UIColor+Extension.swift"; sourceTree = "<group>"; };
		795B21642B99AF1800DA7D7F /* Pretendard-Regular.otf */ = {isa = PBXFileReference; lastKnownFileType = file; path = "Pretendard-Regular.otf"; sourceTree = "<group>"; };
		795B21652B99AF1900DA7D7F /* Pretendard-Bold.otf */ = {isa = PBXFileReference; lastKnownFileType = file; path = "Pretendard-Bold.otf"; sourceTree = "<group>"; };
		795B21682B99B19300DA7D7F /* UIFont+Extension.swift */ = {isa = PBXFileReference; lastKnownFileType = sourcecode.swift; path = "UIFont+Extension.swift"; sourceTree = "<group>"; };
		795B216A2B99BB3B00DA7D7F /* DailyDrops.entitlements */ = {isa = PBXFileReference; lastKnownFileType = text.plist.entitlements; path = DailyDrops.entitlements; sourceTree = "<group>"; };
		795B216D2B99BCA400DA7D7F /* HealthManager.swift */ = {isa = PBXFileReference; lastKnownFileType = sourcecode.swift; path = HealthManager.swift; sourceTree = "<group>"; };
		795B21702B99C8A000DA7D7F /* BaseViewController.swift */ = {isa = PBXFileReference; lastKnownFileType = sourcecode.swift; path = BaseViewController.swift; sourceTree = "<group>"; };
		795B21722B99C8F300DA7D7F /* BaseTableViewCell.swift */ = {isa = PBXFileReference; lastKnownFileType = sourcecode.swift; path = BaseTableViewCell.swift; sourceTree = "<group>"; };
		795B21742B99C95800DA7D7F /* BaseCollectionViewCell.swift */ = {isa = PBXFileReference; lastKnownFileType = sourcecode.swift; path = BaseCollectionViewCell.swift; sourceTree = "<group>"; };
		795B21762B99C97100DA7D7F /* BaseView.swift */ = {isa = PBXFileReference; lastKnownFileType = sourcecode.swift; path = BaseView.swift; sourceTree = "<group>"; };
		795B21792B99D05C00DA7D7F /* APIKey.swift */ = {isa = PBXFileReference; lastKnownFileType = sourcecode.swift; path = APIKey.swift; sourceTree = "<group>"; };
		795B217B2B99D1A600DA7D7F /* SupplementAPI.swift */ = {isa = PBXFileReference; lastKnownFileType = sourcecode.swift; path = SupplementAPI.swift; sourceTree = "<group>"; };
		795B217F2B9ADF2F00DA7D7F /* SupplementDTO.swift */ = {isa = PBXFileReference; lastKnownFileType = sourcecode.swift; path = SupplementDTO.swift; sourceTree = "<group>"; };
		795B21812B9AEA7700DA7D7F /* Supplement.swift */ = {isa = PBXFileReference; lastKnownFileType = sourcecode.swift; path = Supplement.swift; sourceTree = "<group>"; };
		8E96AB1C0CD9779E05D99E0C /* Pods_DailyDrops.framework */ = {isa = PBXFileReference; explicitFileType = wrapper.framework; includeInIndex = 0; path = Pods_DailyDrops.framework; sourceTree = BUILT_PRODUCTS_DIR; };
		DDE49E975EDBF1B226768C46 /* Pods-DailyDrops.release.xcconfig */ = {isa = PBXFileReference; includeInIndex = 1; lastKnownFileType = text.xcconfig; name = "Pods-DailyDrops.release.xcconfig"; path = "Target Support Files/Pods-DailyDrops/Pods-DailyDrops.release.xcconfig"; sourceTree = "<group>"; };
/* End PBXFileReference section */

/* Begin PBXFrameworksBuildPhase section */
		790E8FB22B99838C004DC160 /* Frameworks */ = {
			isa = PBXFrameworksBuildPhase;
			buildActionMask = 2147483647;
			files = (
				790E8FFF2B99A589004DC160 /* Kingfisher in Frameworks */,
				790E90052B99A5A0004DC160 /* SnapKit in Frameworks */,
				790E8FF32B99A560004DC160 /* RealmSwift in Frameworks */,
				790E8FF92B99A577004DC160 /* Alamofire in Frameworks */,
				790E8FF62B99A56C004DC160 /* FSCalendar in Frameworks */,
				790E8FFC2B99A580004DC160 /* Toast in Frameworks */,
				790E90022B99A593004DC160 /* DGCharts in Frameworks */,
				790E900C2B99A62A004DC160 /* FirebaseCrashlytics in Frameworks */,
				790E900A2B99A62A004DC160 /* FirebaseAnalyticsWithoutAdIdSupport in Frameworks */,
				790E900E2B99A62A004DC160 /* FirebaseMessaging in Frameworks */,
				790E8FF12B99A560004DC160 /* Realm in Frameworks */,
				26D65632239E7DB912A830D2 /* Pods_DailyDrops.framework in Frameworks */,
			);
			runOnlyForDeploymentPostprocessing = 0;
		};
/* End PBXFrameworksBuildPhase section */

/* Begin PBXGroup section */
		6DF393F8AFE03E9BFB865E2A /* Pods */ = {
			isa = PBXGroup;
			children = (
				14EE9E7815A24FF1031D0B57 /* Pods-DailyDrops.debug.xcconfig */,
				DDE49E975EDBF1B226768C46 /* Pods-DailyDrops.release.xcconfig */,
			);
			path = Pods;
			sourceTree = "<group>";
		};
		790E8FAC2B99838C004DC160 = {
			isa = PBXGroup;
			children = (
				790E8FCC2B998602004DC160 /* .gitignore */,
				790E8FB72B99838C004DC160 /* DailyDrops */,
				790E8FB62B99838C004DC160 /* Products */,
				6DF393F8AFE03E9BFB865E2A /* Pods */,
				DFC1D78B0549EE90AEC49898 /* Frameworks */,
			);
			sourceTree = "<group>";
		};
		790E8FB62B99838C004DC160 /* Products */ = {
			isa = PBXGroup;
			children = (
				790E8FB52B99838C004DC160 /* DailyDrops.app */,
			);
			name = Products;
			sourceTree = "<group>";
		};
		790E8FB72B99838C004DC160 /* DailyDrops */ = {
			isa = PBXGroup;
			children = (
				795B216A2B99BB3B00DA7D7F /* DailyDrops.entitlements */,
				795B216C2B99BC1D00DA7D7F /* App */,
				795B21632B99AE1600DA7D7F /* Resource */,
				795B21602B99AA7400DA7D7F /* Extension */,
				795B216B2B99BC1300DA7D7F /* Manager */,
				795B216F2B99C88D00DA7D7F /* Base */,
				795B21832B9AEB3B00DA7D7F /* Model */,
				795B21782B99CAA900DA7D7F /* Network */,
				790E8FBC2B99838C004DC160 /* ViewController.swift */,
				790E8FC12B99838E004DC160 /* Assets.xcassets */,
				790E8FC32B99838E004DC160 /* LaunchScreen.storyboard */,
				790E8FC62B99838E004DC160 /* Info.plist */,
				790E90062B99A5C0004DC160 /* GoogleService-Info.plist */,
			);
			path = DailyDrops;
			sourceTree = "<group>";
		};
		795B21602B99AA7400DA7D7F /* Extension */ = {
			isa = PBXGroup;
			children = (
				795B21612B99AB7700DA7D7F /* UIColor+Extension.swift */,
				795B21682B99B19300DA7D7F /* UIFont+Extension.swift */,
			);
			path = Extension;
			sourceTree = "<group>";
		};
		795B21632B99AE1600DA7D7F /* Resource */ = {
			isa = PBXGroup;
			children = (
				795B21652B99AF1900DA7D7F /* Pretendard-Bold.otf */,
				795B21642B99AF1800DA7D7F /* Pretendard-Regular.otf */,
			);
			path = Resource;
			sourceTree = "<group>";
		};
		795B216B2B99BC1300DA7D7F /* Manager */ = {
			isa = PBXGroup;
			children = (
				795B216D2B99BCA400DA7D7F /* HealthManager.swift */,
			);
			path = Manager;
			sourceTree = "<group>";
		};
		795B216C2B99BC1D00DA7D7F /* App */ = {
			isa = PBXGroup;
			children = (
				790E8FB82B99838C004DC160 /* AppDelegate.swift */,
				790E8FBA2B99838C004DC160 /* SceneDelegate.swift */,
			);
			path = App;
			sourceTree = "<group>";
		};
		795B216F2B99C88D00DA7D7F /* Base */ = {
			isa = PBXGroup;
			children = (
				795B21702B99C8A000DA7D7F /* BaseViewController.swift */,
				795B21762B99C97100DA7D7F /* BaseView.swift */,
				795B21722B99C8F300DA7D7F /* BaseTableViewCell.swift */,
				795B21742B99C95800DA7D7F /* BaseCollectionViewCell.swift */,
			);
			path = Base;
			sourceTree = "<group>";
		};
		795B21782B99CAA900DA7D7F /* Network */ = {
			isa = PBXGroup;
			children = (
				795B21792B99D05C00DA7D7F /* APIKey.swift */,
				795B217B2B99D1A600DA7D7F /* SupplementAPI.swift */,
				795B217F2B9ADF2F00DA7D7F /* SupplementDTO.swift */,
			);
			path = Network;
			sourceTree = "<group>";
		};
		795B21832B9AEB3B00DA7D7F /* Model */ = {
			isa = PBXGroup;
			children = (
				795B21812B9AEA7700DA7D7F /* Supplement.swift */,
			);
			path = Model;
			sourceTree = "<group>";
		};
		DFC1D78B0549EE90AEC49898 /* Frameworks */ = {
			isa = PBXGroup;
			children = (
				8E96AB1C0CD9779E05D99E0C /* Pods_DailyDrops.framework */,
			);
			name = Frameworks;
			sourceTree = "<group>";
		};
/* End PBXGroup section */

/* Begin PBXNativeTarget section */
		790E8FB42B99838C004DC160 /* DailyDrops */ = {
			isa = PBXNativeTarget;
			buildConfigurationList = 790E8FC92B99838E004DC160 /* Build configuration list for PBXNativeTarget "DailyDrops" */;
			buildPhases = (
				53A20FB026133C6E13F466E6 /* [CP] Check Pods Manifest.lock */,
				790E8FB12B99838C004DC160 /* Sources */,
				790E8FB22B99838C004DC160 /* Frameworks */,
				790E8FB32B99838C004DC160 /* Resources */,
				50C3DFB4ECB2EDD8277A2665 /* [CP] Embed Pods Frameworks */,
				790E900F2B99A6A3004DC160 /* ShellScript */,
			);
			buildRules = (
			);
			dependencies = (
			);
			name = DailyDrops;
			packageProductDependencies = (
				790E8FF02B99A560004DC160 /* Realm */,
				790E8FF22B99A560004DC160 /* RealmSwift */,
				790E8FF52B99A56C004DC160 /* FSCalendar */,
				790E8FF82B99A577004DC160 /* Alamofire */,
				790E8FFB2B99A580004DC160 /* Toast */,
				790E8FFE2B99A589004DC160 /* Kingfisher */,
				790E90012B99A593004DC160 /* DGCharts */,
				790E90042B99A5A0004DC160 /* SnapKit */,
				790E90092B99A62A004DC160 /* FirebaseAnalyticsWithoutAdIdSupport */,
				790E900B2B99A62A004DC160 /* FirebaseCrashlytics */,
				790E900D2B99A62A004DC160 /* FirebaseMessaging */,
			);
			productName = DailyDrops;
			productReference = 790E8FB52B99838C004DC160 /* DailyDrops.app */;
			productType = "com.apple.product-type.application";
		};
/* End PBXNativeTarget section */

/* Begin PBXProject section */
		790E8FAD2B99838C004DC160 /* Project object */ = {
			isa = PBXProject;
			attributes = {
				BuildIndependentTargetsInParallel = 1;
				LastSwiftUpdateCheck = 1520;
				LastUpgradeCheck = 1520;
				TargetAttributes = {
					790E8FB42B99838C004DC160 = {
						CreatedOnToolsVersion = 15.2;
					};
				};
			};
			buildConfigurationList = 790E8FB02B99838C004DC160 /* Build configuration list for PBXProject "DailyDrops" */;
			compatibilityVersion = "Xcode 14.0";
			developmentRegion = en;
			hasScannedForEncodings = 0;
			knownRegions = (
				en,
				Base,
			);
			mainGroup = 790E8FAC2B99838C004DC160;
			packageReferences = (
				790E8FEF2B99A55F004DC160 /* XCRemoteSwiftPackageReference "realm-swift" */,
				790E8FF42B99A56C004DC160 /* XCRemoteSwiftPackageReference "FSCalendar" */,
				790E8FF72B99A577004DC160 /* XCRemoteSwiftPackageReference "Alamofire" */,
				790E8FFA2B99A580004DC160 /* XCRemoteSwiftPackageReference "Toast-Swift" */,
				790E8FFD2B99A589004DC160 /* XCRemoteSwiftPackageReference "Kingfisher" */,
				790E90002B99A593004DC160 /* XCRemoteSwiftPackageReference "Charts" */,
				790E90032B99A5A0004DC160 /* XCRemoteSwiftPackageReference "SnapKit" */,
				790E90082B99A62A004DC160 /* XCRemoteSwiftPackageReference "firebase-ios-sdk" */,
			);
			productRefGroup = 790E8FB62B99838C004DC160 /* Products */;
			projectDirPath = "";
			projectRoot = "";
			targets = (
				790E8FB42B99838C004DC160 /* DailyDrops */,
			);
		};
/* End PBXProject section */

/* Begin PBXResourcesBuildPhase section */
		790E8FB32B99838C004DC160 /* Resources */ = {
			isa = PBXResourcesBuildPhase;
			buildActionMask = 2147483647;
			files = (
				790E8FCD2B998602004DC160 /* .gitignore in Resources */,
				795B21672B99AF1900DA7D7F /* Pretendard-Bold.otf in Resources */,
				790E90072B99A5C0004DC160 /* GoogleService-Info.plist in Resources */,
				795B21662B99AF1900DA7D7F /* Pretendard-Regular.otf in Resources */,
				790E8FC52B99838E004DC160 /* LaunchScreen.storyboard in Resources */,
				790E8FC22B99838E004DC160 /* Assets.xcassets in Resources */,
			);
			runOnlyForDeploymentPostprocessing = 0;
		};
/* End PBXResourcesBuildPhase section */

/* Begin PBXShellScriptBuildPhase section */
		50C3DFB4ECB2EDD8277A2665 /* [CP] Embed Pods Frameworks */ = {
			isa = PBXShellScriptBuildPhase;
			buildActionMask = 2147483647;
			files = (
			);
			inputFileListPaths = (
				"${PODS_ROOT}/Target Support Files/Pods-DailyDrops/Pods-DailyDrops-frameworks-${CONFIGURATION}-input-files.xcfilelist",
			);
			name = "[CP] Embed Pods Frameworks";
			outputFileListPaths = (
				"${PODS_ROOT}/Target Support Files/Pods-DailyDrops/Pods-DailyDrops-frameworks-${CONFIGURATION}-output-files.xcfilelist",
			);
			runOnlyForDeploymentPostprocessing = 0;
			shellPath = /bin/sh;
			shellScript = "\"${PODS_ROOT}/Target Support Files/Pods-DailyDrops/Pods-DailyDrops-frameworks.sh\"\n";
			showEnvVarsInLog = 0;
		};
		53A20FB026133C6E13F466E6 /* [CP] Check Pods Manifest.lock */ = {
			isa = PBXShellScriptBuildPhase;
			buildActionMask = 2147483647;
			files = (
			);
			inputFileListPaths = (
			);
			inputPaths = (
				"${PODS_PODFILE_DIR_PATH}/Podfile.lock",
				"${PODS_ROOT}/Manifest.lock",
			);
			name = "[CP] Check Pods Manifest.lock";
			outputFileListPaths = (
			);
			outputPaths = (
				"$(DERIVED_FILE_DIR)/Pods-DailyDrops-checkManifestLockResult.txt",
			);
			runOnlyForDeploymentPostprocessing = 0;
			shellPath = /bin/sh;
			shellScript = "diff \"${PODS_PODFILE_DIR_PATH}/Podfile.lock\" \"${PODS_ROOT}/Manifest.lock\" > /dev/null\nif [ $? != 0 ] ; then\n    # print error to STDERR\n    echo \"error: The sandbox is not in sync with the Podfile.lock. Run 'pod install' or update your CocoaPods installation.\" >&2\n    exit 1\nfi\n# This output is used by Xcode 'outputs' to avoid re-running this script phase.\necho \"SUCCESS\" > \"${SCRIPT_OUTPUT_FILE_0}\"\n";
			showEnvVarsInLog = 0;
		};
		790E900F2B99A6A3004DC160 /* ShellScript */ = {
			isa = PBXShellScriptBuildPhase;
			buildActionMask = 2147483647;
			files = (
			);
			inputFileListPaths = (
			);
			inputPaths = (
				"${DWARF_DSYM_FOLDER_PATH}/${DWARF_DSYM_FILE_NAME}",
				"${DWARF_DSYM_FOLDER_PATH}/${DWARF_DSYM_FILE_NAME}/Contents/Resources/DWARF/${PRODUCT_NAME}",
				"${DWARF_DSYM_FOLDER_PATH}/${DWARF_DSYM_FILE_NAME}/Contents/Info.plist",
				"$(TARGET_BUILD_DIR)/$(UNLOCALIZED_RESOURCES_FOLDER_PATH)/GoogleService-Info.plist",
				"$(TARGET_BUILD_DIR)/$(EXECUTABLE_PATH)",
			);
			outputFileListPaths = (
			);
			outputPaths = (
			);
			runOnlyForDeploymentPostprocessing = 0;
			shellPath = /bin/sh;
			shellScript = "# Type a script or drag a script file from your workspace to insert its path.\n\"${BUILD_DIR%/Build/*}/SourcePackages/checkouts/firebase-ios-sdk/Crashlytics/run\"\n";
		};
/* End PBXShellScriptBuildPhase section */

/* Begin PBXSourcesBuildPhase section */
		790E8FB12B99838C004DC160 /* Sources */ = {
			isa = PBXSourcesBuildPhase;
			buildActionMask = 2147483647;
			files = (
				795B21732B99C8F300DA7D7F /* BaseTableViewCell.swift in Sources */,
				790E8FBD2B99838C004DC160 /* ViewController.swift in Sources */,
				795B21822B9AEA7700DA7D7F /* Supplement.swift in Sources */,
				795B21802B9ADF2F00DA7D7F /* SupplementDTO.swift in Sources */,
				795B21752B99C95800DA7D7F /* BaseCollectionViewCell.swift in Sources */,
				795B216E2B99BCA400DA7D7F /* HealthManager.swift in Sources */,
				790E8FB92B99838C004DC160 /* AppDelegate.swift in Sources */,
				790E8FBB2B99838C004DC160 /* SceneDelegate.swift in Sources */,
				795B217A2B99D05C00DA7D7F /* APIKey.swift in Sources */,
				795B21692B99B19300DA7D7F /* UIFont+Extension.swift in Sources */,
				795B21772B99C97100DA7D7F /* BaseView.swift in Sources */,
				795B217C2B99D1A600DA7D7F /* SupplementAPI.swift in Sources */,
				795B21712B99C8A000DA7D7F /* BaseViewController.swift in Sources */,
				795B21622B99AB7700DA7D7F /* UIColor+Extension.swift in Sources */,
			);
			runOnlyForDeploymentPostprocessing = 0;
		};
/* End PBXSourcesBuildPhase section */

/* Begin PBXVariantGroup section */
		790E8FC32B99838E004DC160 /* LaunchScreen.storyboard */ = {
			isa = PBXVariantGroup;
			children = (
				790E8FC42B99838E004DC160 /* Base */,
			);
			name = LaunchScreen.storyboard;
			sourceTree = "<group>";
		};
/* End PBXVariantGroup section */

/* Begin XCBuildConfiguration section */
		790E8FC72B99838E004DC160 /* Debug */ = {
			isa = XCBuildConfiguration;
			buildSettings = {
				ALWAYS_SEARCH_USER_PATHS = NO;
				ASSETCATALOG_COMPILER_GENERATE_SWIFT_ASSET_SYMBOL_EXTENSIONS = YES;
				CLANG_ANALYZER_NONNULL = YES;
				CLANG_ANALYZER_NUMBER_OBJECT_CONVERSION = YES_AGGRESSIVE;
				CLANG_CXX_LANGUAGE_STANDARD = "gnu++20";
				CLANG_ENABLE_MODULES = YES;
				CLANG_ENABLE_OBJC_ARC = YES;
				CLANG_ENABLE_OBJC_WEAK = YES;
				CLANG_WARN_BLOCK_CAPTURE_AUTORELEASING = YES;
				CLANG_WARN_BOOL_CONVERSION = YES;
				CLANG_WARN_COMMA = YES;
				CLANG_WARN_CONSTANT_CONVERSION = YES;
				CLANG_WARN_DEPRECATED_OBJC_IMPLEMENTATIONS = YES;
				CLANG_WARN_DIRECT_OBJC_ISA_USAGE = YES_ERROR;
				CLANG_WARN_DOCUMENTATION_COMMENTS = YES;
				CLANG_WARN_EMPTY_BODY = YES;
				CLANG_WARN_ENUM_CONVERSION = YES;
				CLANG_WARN_INFINITE_RECURSION = YES;
				CLANG_WARN_INT_CONVERSION = YES;
				CLANG_WARN_NON_LITERAL_NULL_CONVERSION = YES;
				CLANG_WARN_OBJC_IMPLICIT_RETAIN_SELF = YES;
				CLANG_WARN_OBJC_LITERAL_CONVERSION = YES;
				CLANG_WARN_OBJC_ROOT_CLASS = YES_ERROR;
				CLANG_WARN_QUOTED_INCLUDE_IN_FRAMEWORK_HEADER = YES;
				CLANG_WARN_RANGE_LOOP_ANALYSIS = YES;
				CLANG_WARN_STRICT_PROTOTYPES = YES;
				CLANG_WARN_SUSPICIOUS_MOVE = YES;
				CLANG_WARN_UNGUARDED_AVAILABILITY = YES_AGGRESSIVE;
				CLANG_WARN_UNREACHABLE_CODE = YES;
				CLANG_WARN__DUPLICATE_METHOD_MATCH = YES;
				COPY_PHASE_STRIP = NO;
				DEBUG_INFORMATION_FORMAT = "dwarf-with-dsym";
				ENABLE_STRICT_OBJC_MSGSEND = YES;
				ENABLE_TESTABILITY = YES;
				ENABLE_USER_SCRIPT_SANDBOXING = NO;
				GCC_C_LANGUAGE_STANDARD = gnu17;
				GCC_DYNAMIC_NO_PIC = NO;
				GCC_NO_COMMON_BLOCKS = YES;
				GCC_OPTIMIZATION_LEVEL = 0;
				GCC_PREPROCESSOR_DEFINITIONS = (
					"DEBUG=1",
					"$(inherited)",
				);
				GCC_WARN_64_TO_32_BIT_CONVERSION = YES;
				GCC_WARN_ABOUT_RETURN_TYPE = YES_ERROR;
				GCC_WARN_UNDECLARED_SELECTOR = YES;
				GCC_WARN_UNINITIALIZED_AUTOS = YES_AGGRESSIVE;
				GCC_WARN_UNUSED_FUNCTION = YES;
				GCC_WARN_UNUSED_VARIABLE = YES;
				IPHONEOS_DEPLOYMENT_TARGET = 15.0;
				LOCALIZATION_PREFERS_STRING_CATALOGS = YES;
				MTL_ENABLE_DEBUG_INFO = INCLUDE_SOURCE;
				MTL_FAST_MATH = YES;
				ONLY_ACTIVE_ARCH = YES;
				SDKROOT = iphoneos;
				SWIFT_ACTIVE_COMPILATION_CONDITIONS = "DEBUG $(inherited)";
				SWIFT_OPTIMIZATION_LEVEL = "-Onone";
			};
			name = Debug;
		};
		790E8FC82B99838E004DC160 /* Release */ = {
			isa = XCBuildConfiguration;
			buildSettings = {
				ALWAYS_SEARCH_USER_PATHS = NO;
				ASSETCATALOG_COMPILER_GENERATE_SWIFT_ASSET_SYMBOL_EXTENSIONS = YES;
				CLANG_ANALYZER_NONNULL = YES;
				CLANG_ANALYZER_NUMBER_OBJECT_CONVERSION = YES_AGGRESSIVE;
				CLANG_CXX_LANGUAGE_STANDARD = "gnu++20";
				CLANG_ENABLE_MODULES = YES;
				CLANG_ENABLE_OBJC_ARC = YES;
				CLANG_ENABLE_OBJC_WEAK = YES;
				CLANG_WARN_BLOCK_CAPTURE_AUTORELEASING = YES;
				CLANG_WARN_BOOL_CONVERSION = YES;
				CLANG_WARN_COMMA = YES;
				CLANG_WARN_CONSTANT_CONVERSION = YES;
				CLANG_WARN_DEPRECATED_OBJC_IMPLEMENTATIONS = YES;
				CLANG_WARN_DIRECT_OBJC_ISA_USAGE = YES_ERROR;
				CLANG_WARN_DOCUMENTATION_COMMENTS = YES;
				CLANG_WARN_EMPTY_BODY = YES;
				CLANG_WARN_ENUM_CONVERSION = YES;
				CLANG_WARN_INFINITE_RECURSION = YES;
				CLANG_WARN_INT_CONVERSION = YES;
				CLANG_WARN_NON_LITERAL_NULL_CONVERSION = YES;
				CLANG_WARN_OBJC_IMPLICIT_RETAIN_SELF = YES;
				CLANG_WARN_OBJC_LITERAL_CONVERSION = YES;
				CLANG_WARN_OBJC_ROOT_CLASS = YES_ERROR;
				CLANG_WARN_QUOTED_INCLUDE_IN_FRAMEWORK_HEADER = YES;
				CLANG_WARN_RANGE_LOOP_ANALYSIS = YES;
				CLANG_WARN_STRICT_PROTOTYPES = YES;
				CLANG_WARN_SUSPICIOUS_MOVE = YES;
				CLANG_WARN_UNGUARDED_AVAILABILITY = YES_AGGRESSIVE;
				CLANG_WARN_UNREACHABLE_CODE = YES;
				CLANG_WARN__DUPLICATE_METHOD_MATCH = YES;
				COPY_PHASE_STRIP = NO;
				DEBUG_INFORMATION_FORMAT = "dwarf-with-dsym";
				ENABLE_NS_ASSERTIONS = NO;
				ENABLE_STRICT_OBJC_MSGSEND = YES;
				ENABLE_USER_SCRIPT_SANDBOXING = NO;
				GCC_C_LANGUAGE_STANDARD = gnu17;
				GCC_NO_COMMON_BLOCKS = YES;
				GCC_WARN_64_TO_32_BIT_CONVERSION = YES;
				GCC_WARN_ABOUT_RETURN_TYPE = YES_ERROR;
				GCC_WARN_UNDECLARED_SELECTOR = YES;
				GCC_WARN_UNINITIALIZED_AUTOS = YES_AGGRESSIVE;
				GCC_WARN_UNUSED_FUNCTION = YES;
				GCC_WARN_UNUSED_VARIABLE = YES;
				IPHONEOS_DEPLOYMENT_TARGET = 15.0;
				LOCALIZATION_PREFERS_STRING_CATALOGS = YES;
				MTL_ENABLE_DEBUG_INFO = NO;
				MTL_FAST_MATH = YES;
				SDKROOT = iphoneos;
				SWIFT_COMPILATION_MODE = wholemodule;
				VALIDATE_PRODUCT = YES;
			};
			name = Release;
		};
		790E8FCA2B99838E004DC160 /* Debug */ = {
			isa = XCBuildConfiguration;
			baseConfigurationReference = 14EE9E7815A24FF1031D0B57 /* Pods-DailyDrops.debug.xcconfig */;
			buildSettings = {
				ASSETCATALOG_COMPILER_APPICON_NAME = AppIcon;
				ASSETCATALOG_COMPILER_GLOBAL_ACCENT_COLOR_NAME = AccentColor;
				CODE_SIGN_ENTITLEMENTS = DailyDrops/DailyDrops.entitlements;
				CODE_SIGN_STYLE = Automatic;
				CURRENT_PROJECT_VERSION = 1;
				DEBUG_INFORMATION_FORMAT = "dwarf-with-dsym";
				DEVELOPMENT_TEAM = FQNUU3X32C;
				GENERATE_INFOPLIST_FILE = YES;
				INFOPLIST_FILE = DailyDrops/Info.plist;
				INFOPLIST_KEY_UIApplicationSupportsIndirectInputEvents = YES;
				INFOPLIST_KEY_UILaunchStoryboardName = LaunchScreen;
				INFOPLIST_KEY_UISupportedInterfaceOrientations = UIInterfaceOrientationPortrait;
				INFOPLIST_KEY_UISupportedInterfaceOrientations_iPad = "UIInterfaceOrientationLandscapeLeft UIInterfaceOrientationLandscapeRight UIInterfaceOrientationPortrait UIInterfaceOrientationPortraitUpsideDown";
				LD_RUNPATH_SEARCH_PATHS = (
					"$(inherited)",
					"@executable_path/Frameworks",
				);
				MARKETING_VERSION = 1.0;
				OTHER_LDFLAGS = "-ObjC";
				PRODUCT_BUNDLE_IDENTIFIER = com.chasomin.DailyDrops;
				PRODUCT_NAME = "$(TARGET_NAME)";
				SUPPORTED_PLATFORMS = "iphoneos iphonesimulator";
				SUPPORTS_MACCATALYST = NO;
				SUPPORTS_MAC_DESIGNED_FOR_IPHONE_IPAD = NO;
				SUPPORTS_XR_DESIGNED_FOR_IPHONE_IPAD = NO;
				SWIFT_EMIT_LOC_STRINGS = YES;
				SWIFT_VERSION = 5.0;
				TARGETED_DEVICE_FAMILY = 1;
			};
			name = Debug;
		};
		790E8FCB2B99838E004DC160 /* Release */ = {
			isa = XCBuildConfiguration;
			baseConfigurationReference = DDE49E975EDBF1B226768C46 /* Pods-DailyDrops.release.xcconfig */;
			buildSettings = {
				ASSETCATALOG_COMPILER_APPICON_NAME = AppIcon;
				ASSETCATALOG_COMPILER_GLOBAL_ACCENT_COLOR_NAME = AccentColor;
				CODE_SIGN_ENTITLEMENTS = DailyDrops/DailyDrops.entitlements;
				CODE_SIGN_STYLE = Automatic;
				CURRENT_PROJECT_VERSION = 1;
				DEVELOPMENT_TEAM = FQNUU3X32C;
				GENERATE_INFOPLIST_FILE = YES;
				INFOPLIST_FILE = DailyDrops/Info.plist;
				INFOPLIST_KEY_UIApplicationSupportsIndirectInputEvents = YES;
				INFOPLIST_KEY_UILaunchStoryboardName = LaunchScreen;
				INFOPLIST_KEY_UISupportedInterfaceOrientations = UIInterfaceOrientationPortrait;
				INFOPLIST_KEY_UISupportedInterfaceOrientations_iPad = "UIInterfaceOrientationLandscapeLeft UIInterfaceOrientationLandscapeRight UIInterfaceOrientationPortrait UIInterfaceOrientationPortraitUpsideDown";
				LD_RUNPATH_SEARCH_PATHS = (
					"$(inherited)",
					"@executable_path/Frameworks",
				);
				MARKETING_VERSION = 1.0;
				OTHER_LDFLAGS = "-ObjC";
				PRODUCT_BUNDLE_IDENTIFIER = com.chasomin.DailyDrops;
				PRODUCT_NAME = "$(TARGET_NAME)";
				SUPPORTED_PLATFORMS = "iphoneos iphonesimulator";
				SUPPORTS_MACCATALYST = NO;
				SUPPORTS_MAC_DESIGNED_FOR_IPHONE_IPAD = NO;
				SUPPORTS_XR_DESIGNED_FOR_IPHONE_IPAD = NO;
				SWIFT_EMIT_LOC_STRINGS = YES;
				SWIFT_VERSION = 5.0;
				TARGETED_DEVICE_FAMILY = 1;
			};
			name = Release;
		};
/* End XCBuildConfiguration section */

/* Begin XCConfigurationList section */
		790E8FB02B99838C004DC160 /* Build configuration list for PBXProject "DailyDrops" */ = {
			isa = XCConfigurationList;
			buildConfigurations = (
				790E8FC72B99838E004DC160 /* Debug */,
				790E8FC82B99838E004DC160 /* Release */,
			);
			defaultConfigurationIsVisible = 0;
			defaultConfigurationName = Release;
		};
		790E8FC92B99838E004DC160 /* Build configuration list for PBXNativeTarget "DailyDrops" */ = {
			isa = XCConfigurationList;
			buildConfigurations = (
				790E8FCA2B99838E004DC160 /* Debug */,
				790E8FCB2B99838E004DC160 /* Release */,
			);
			defaultConfigurationIsVisible = 0;
			defaultConfigurationName = Release;
		};
/* End XCConfigurationList section */

/* Begin XCRemoteSwiftPackageReference section */
		790E8FEF2B99A55F004DC160 /* XCRemoteSwiftPackageReference "realm-swift" */ = {
			isa = XCRemoteSwiftPackageReference;
			repositoryURL = "https://github.com/realm/realm-swift.git";
			requirement = {
				kind = exactVersion;
				version = 10.47.0;
			};
		};
		790E8FF42B99A56C004DC160 /* XCRemoteSwiftPackageReference "FSCalendar" */ = {
			isa = XCRemoteSwiftPackageReference;
			repositoryURL = "https://github.com/WenchaoD/FSCalendar";
			requirement = {
				kind = upToNextMajorVersion;
				minimumVersion = 2.8.4;
			};
		};
		790E8FF72B99A577004DC160 /* XCRemoteSwiftPackageReference "Alamofire" */ = {
			isa = XCRemoteSwiftPackageReference;
			repositoryURL = "https://github.com/Alamofire/Alamofire";
			requirement = {
				kind = upToNextMajorVersion;
				minimumVersion = 5.9.0;
			};
		};
		790E8FFA2B99A580004DC160 /* XCRemoteSwiftPackageReference "Toast-Swift" */ = {
			isa = XCRemoteSwiftPackageReference;
			repositoryURL = "https://github.com/scalessec/Toast-Swift";
			requirement = {
				kind = upToNextMajorVersion;
				minimumVersion = 5.1.0;
			};
		};
		790E8FFD2B99A589004DC160 /* XCRemoteSwiftPackageReference "Kingfisher" */ = {
			isa = XCRemoteSwiftPackageReference;
			repositoryURL = "https://github.com/onevcat/Kingfisher";
			requirement = {
				kind = upToNextMajorVersion;
				minimumVersion = 7.11.0;
			};
		};
		790E90002B99A593004DC160 /* XCRemoteSwiftPackageReference "Charts" */ = {
			isa = XCRemoteSwiftPackageReference;
			repositoryURL = "https://github.com/danielgindi/Charts";
			requirement = {
				kind = upToNextMajorVersion;
				minimumVersion = 5.1.0;
			};
		};
		790E90032B99A5A0004DC160 /* XCRemoteSwiftPackageReference "SnapKit" */ = {
			isa = XCRemoteSwiftPackageReference;
			repositoryURL = "https://github.com/SnapKit/SnapKit";
			requirement = {
				kind = upToNextMajorVersion;
				minimumVersion = 5.7.1;
			};
		};
		790E90082B99A62A004DC160 /* XCRemoteSwiftPackageReference "firebase-ios-sdk" */ = {
			isa = XCRemoteSwiftPackageReference;
			repositoryURL = "https://github.com/firebase/firebase-ios-sdk";
			requirement = {
				kind = upToNextMajorVersion;
				minimumVersion = 10.22.0;
			};
		};
/* End XCRemoteSwiftPackageReference section */

/* Begin XCSwiftPackageProductDependency section */
		790E8FF02B99A560004DC160 /* Realm */ = {
			isa = XCSwiftPackageProductDependency;
			package = 790E8FEF2B99A55F004DC160 /* XCRemoteSwiftPackageReference "realm-swift" */;
			productName = Realm;
		};
		790E8FF22B99A560004DC160 /* RealmSwift */ = {
			isa = XCSwiftPackageProductDependency;
			package = 790E8FEF2B99A55F004DC160 /* XCRemoteSwiftPackageReference "realm-swift" */;
			productName = RealmSwift;
		};
		790E8FF52B99A56C004DC160 /* FSCalendar */ = {
			isa = XCSwiftPackageProductDependency;
			package = 790E8FF42B99A56C004DC160 /* XCRemoteSwiftPackageReference "FSCalendar" */;
			productName = FSCalendar;
		};
		790E8FF82B99A577004DC160 /* Alamofire */ = {
			isa = XCSwiftPackageProductDependency;
			package = 790E8FF72B99A577004DC160 /* XCRemoteSwiftPackageReference "Alamofire" */;
			productName = Alamofire;
		};
		790E8FFB2B99A580004DC160 /* Toast */ = {
			isa = XCSwiftPackageProductDependency;
			package = 790E8FFA2B99A580004DC160 /* XCRemoteSwiftPackageReference "Toast-Swift" */;
			productName = Toast;
		};
		790E8FFE2B99A589004DC160 /* Kingfisher */ = {
			isa = XCSwiftPackageProductDependency;
			package = 790E8FFD2B99A589004DC160 /* XCRemoteSwiftPackageReference "Kingfisher" */;
			productName = Kingfisher;
		};
		790E90012B99A593004DC160 /* DGCharts */ = {
			isa = XCSwiftPackageProductDependency;
			package = 790E90002B99A593004DC160 /* XCRemoteSwiftPackageReference "Charts" */;
			productName = DGCharts;
		};
		790E90042B99A5A0004DC160 /* SnapKit */ = {
			isa = XCSwiftPackageProductDependency;
			package = 790E90032B99A5A0004DC160 /* XCRemoteSwiftPackageReference "SnapKit" */;
			productName = SnapKit;
		};
		790E90092B99A62A004DC160 /* FirebaseAnalyticsWithoutAdIdSupport */ = {
			isa = XCSwiftPackageProductDependency;
			package = 790E90082B99A62A004DC160 /* XCRemoteSwiftPackageReference "firebase-ios-sdk" */;
			productName = FirebaseAnalyticsWithoutAdIdSupport;
		};
		790E900B2B99A62A004DC160 /* FirebaseCrashlytics */ = {
			isa = XCSwiftPackageProductDependency;
			package = 790E90082B99A62A004DC160 /* XCRemoteSwiftPackageReference "firebase-ios-sdk" */;
			productName = FirebaseCrashlytics;
		};
		790E900D2B99A62A004DC160 /* FirebaseMessaging */ = {
			isa = XCSwiftPackageProductDependency;
			package = 790E90082B99A62A004DC160 /* XCRemoteSwiftPackageReference "firebase-ios-sdk" */;
			productName = FirebaseMessaging;
		};
/* End XCSwiftPackageProductDependency section */
	};
	rootObject = 790E8FAD2B99838C004DC160 /* Project object */;
}
